// !$*UTF8*$!
{
	archiveVersion = 1;
	classes = {
	};
	objectVersion = 46;
	objects = {

/* Begin PBXBuildFile section */
		045DE8091BCB486B008552FE /* main.m in Sources */ = {isa = PBXBuildFile; fileRef = 045DE8081BCB486B008552FE /* main.m */; };
		045DE80C1BCB486B008552FE /* AppDelegate.m in Sources */ = {isa = PBXBuildFile; fileRef = 045DE80B1BCB486B008552FE /* AppDelegate.m */; };
		045DE80F1BCB486B008552FE /* ViewController.m in Sources */ = {isa = PBXBuildFile; fileRef = 045DE80E1BCB486B008552FE /* ViewController.m */; };
		045DE8121BCB486B008552FE /* Main.storyboard in Resources */ = {isa = PBXBuildFile; fileRef = 045DE8101BCB486B008552FE /* Main.storyboard */; };
		045DE8151BCB486B008552FE /* DispatchTest.xcdatamodeld in Sources */ = {isa = PBXBuildFile; fileRef = 045DE8131BCB486B008552FE /* DispatchTest.xcdatamodeld */; };
		045DE8171BCB486B008552FE /* Assets.xcassets in Resources */ = {isa = PBXBuildFile; fileRef = 045DE8161BCB486B008552FE /* Assets.xcassets */; };
		045DE81A1BCB486B008552FE /* LaunchScreen.storyboard in Resources */ = {isa = PBXBuildFile; fileRef = 045DE8181BCB486B008552FE /* LaunchScreen.storyboard */; };
		045DE8251BCB486B008552FE /* DispatchTestTests.m in Sources */ = {isa = PBXBuildFile; fileRef = 045DE8241BCB486B008552FE /* DispatchTestTests.m */; };
		045DE8301BCB486B008552FE /* DispatchTestUITests.m in Sources */ = {isa = PBXBuildFile; fileRef = 045DE82F1BCB486B008552FE /* DispatchTestUITests.m */; };
/* End PBXBuildFile section */

/* Begin PBXContainerItemProxy section */
		045DE8211BCB486B008552FE /* PBXContainerItemProxy */ = {
			isa = PBXContainerItemProxy;
			containerPortal = 045DE7FC1BCB486B008552FE /* Project object */;
			proxyType = 1;
			remoteGlobalIDString = 045DE8031BCB486B008552FE;
			remoteInfo = DispatchTest;
		};
		045DE82C1BCB486B008552FE /* PBXContainerItemProxy */ = {
			isa = PBXContainerItemProxy;
			containerPortal = 045DE7FC1BCB486B008552FE /* Project object */;
			proxyType = 1;
			remoteGlobalIDString = 045DE8031BCB486B008552FE;
			remoteInfo = DispatchTest;
		};
/* End PBXContainerItemProxy section */

/* Begin PBXFileReference section */
		045DE8041BCB486B008552FE /* DispatchTest.app */ = {isa = PBXFileReference; explicitFileType = wrapper.application; includeInIndex = 0; path = DispatchTest.app; sourceTree = BUILT_PRODUCTS_DIR; };
		045DE8081BCB486B008552FE /* main.m */ = {isa = PBXFileReference; lastKnownFileType = sourcecode.c.objc; path = main.m; sourceTree = "<group>"; };
		045DE80A1BCB486B008552FE /* AppDelegate.h */ = {isa = PBXFileReference; lastKnownFileType = sourcecode.c.h; path = AppDelegate.h; sourceTree = "<group>"; };
		045DE80B1BCB486B008552FE /* AppDelegate.m */ = {isa = PBXFileReference; lastKnownFileType = sourcecode.c.objc; path = AppDelegate.m; sourceTree = "<group>"; };
		045DE80D1BCB486B008552FE /* ViewController.h */ = {isa = PBXFileReference; lastKnownFileType = sourcecode.c.h; path = ViewController.h; sourceTree = "<group>"; };
		045DE80E1BCB486B008552FE /* ViewController.m */ = {isa = PBXFileReference; lastKnownFileType = sourcecode.c.objc; path = ViewController.m; sourceTree = "<group>"; };
		045DE8111BCB486B008552FE /* Base */ = {isa = PBXFileReference; lastKnownFileType = file.storyboard; name = Base; path = Base.lproj/Main.storyboard; sourceTree = "<group>"; };
		045DE8141BCB486B008552FE /* DispatchTest.xcdatamodel */ = {isa = PBXFileReference; lastKnownFileType = wrapper.xcdatamodel; path = DispatchTest.xcdatamodel; sourceTree = "<group>"; };
		045DE8161BCB486B008552FE /* Assets.xcassets */ = {isa = PBXFileReference; lastKnownFileType = folder.assetcatalog; path = Assets.xcassets; sourceTree = "<group>"; };
		045DE8191BCB486B008552FE /* Base */ = {isa = PBXFileReference; lastKnownFileType = file.storyboard; name = Base; path = Base.lproj/LaunchScreen.storyboard; sourceTree = "<group>"; };
		045DE81B1BCB486B008552FE /* Info.plist */ = {isa = PBXFileReference; lastKnownFileType = text.plist.xml; path = Info.plist; sourceTree = "<group>"; };
		045DE8201BCB486B008552FE /* DispatchTestTests.xctest */ = {isa = PBXFileReference; explicitFileType = wrapper.cfbundle; includeInIndex = 0; path = DispatchTestTests.xctest; sourceTree = BUILT_PRODUCTS_DIR; };
		045DE8241BCB486B008552FE /* DispatchTestTests.m */ = {isa = PBXFileReference; lastKnownFileType = sourcecode.c.objc; path = DispatchTestTests.m; sourceTree = "<group>"; };
		045DE8261BCB486B008552FE /* Info.plist */ = {isa = PBXFileReference; lastKnownFileType = text.plist.xml; path = Info.plist; sourceTree = "<group>"; };
		045DE82B1BCB486B008552FE /* DispatchTestUITests.xctest */ = {isa = PBXFileReference; explicitFileType = wrapper.cfbundle; includeInIndex = 0; path = DispatchTestUITests.xctest; sourceTree = BUILT_PRODUCTS_DIR; };
		045DE82F1BCB486B008552FE /* DispatchTestUITests.m */ = {isa = PBXFileReference; lastKnownFileType = sourcecode.c.objc; path = DispatchTestUITests.m; sourceTree = "<group>"; };
		045DE8311BCB486B008552FE /* Info.plist */ = {isa = PBXFileReference; lastKnownFileType = text.plist.xml; path = Info.plist; sourceTree = "<group>"; };
/* End PBXFileReference section */

/* Begin PBXFrameworksBuildPhase section */
		045DE8011BCB486B008552FE /* Frameworks */ = {
			isa = PBXFrameworksBuildPhase;
			buildActionMask = 2147483647;
			files = (
			);
			runOnlyForDeploymentPostprocessing = 0;
		};
		045DE81D1BCB486B008552FE /* Frameworks */ = {
			isa = PBXFrameworksBuildPhase;
			buildActionMask = 2147483647;
			files = (
			);
			runOnlyForDeploymentPostprocessing = 0;
		};
		045DE8281BCB486B008552FE /* Frameworks */ = {
			isa = PBXFrameworksBuildPhase;
			buildActionMask = 2147483647;
			files = (
			);
			runOnlyForDeploymentPostprocessing = 0;
		};
/* End PBXFrameworksBuildPhase section */

/* Begin PBXGroup section */
		045DE7FB1BCB486B008552FE = {
			isa = PBXGroup;
			children = (
				045DE8061BCB486B008552FE /* DispatchTest */,
				045DE8231BCB486B008552FE /* DispatchTestTests */,
				045DE82E1BCB486B008552FE /* DispatchTestUITests */,
				045DE8051BCB486B008552FE /* Products */,
			);
			sourceTree = "<group>";
		};
		045DE8051BCB486B008552FE /* Products */ = {
			isa = PBXGroup;
			children = (
				045DE8041BCB486B008552FE /* DispatchTest.app */,
				045DE8201BCB486B008552FE /* DispatchTestTests.xctest */,
				045DE82B1BCB486B008552FE /* DispatchTestUITests.xctest */,
			);
			name = Products;
			sourceTree = "<group>";
		};
		045DE8061BCB486B008552FE /* DispatchTest */ = {
			isa = PBXGroup;
			children = (
				045DE80A1BCB486B008552FE /* AppDelegate.h */,
				045DE80B1BCB486B008552FE /* AppDelegate.m */,
				045DE80D1BCB486B008552FE /* ViewController.h */,
				045DE80E1BCB486B008552FE /* ViewController.m */,
				045DE8101BCB486B008552FE /* Main.storyboard */,
				045DE8161BCB486B008552FE /* Assets.xcassets */,
				045DE8181BCB486B008552FE /* LaunchScreen.storyboard */,
				045DE81B1BCB486B008552FE /* Info.plist */,
				045DE8131BCB486B008552FE /* DispatchTest.xcdatamodeld */,
				045DE8071BCB486B008552FE /* Supporting Files */,
			);
			path = DispatchTest;
			sourceTree = "<group>";
		};
		045DE8071BCB486B008552FE /* Supporting Files */ = {
			isa = PBXGroup;
			children = (
				045DE8081BCB486B008552FE /* main.m */,
			);
			name = "Supporting Files";
			sourceTree = "<group>";
		};
		045DE8231BCB486B008552FE /* DispatchTestTests */ = {
			isa = PBXGroup;
			children = (
				045DE8241BCB486B008552FE /* DispatchTestTests.m */,
				045DE8261BCB486B008552FE /* Info.plist */,
			);
			path = DispatchTestTests;
			sourceTree = "<group>";
		};
		045DE82E1BCB486B008552FE /* DispatchTestUITests */ = {
			isa = PBXGroup;
			children = (
				045DE82F1BCB486B008552FE /* DispatchTestUITests.m */,
				045DE8311BCB486B008552FE /* Info.plist */,
			);
			path = DispatchTestUITests;
			sourceTree = "<group>";
		};
/* End PBXGroup section */

/* Begin PBXNativeTarget section */
		045DE8031BCB486B008552FE /* DispatchTest */ = {
			isa = PBXNativeTarget;
			buildConfigurationList = 045DE8341BCB486B008552FE /* Build configuration list for PBXNativeTarget "DispatchTest" */;
			buildPhases = (
				045DE8001BCB486B008552FE /* Sources */,
				045DE8011BCB486B008552FE /* Frameworks */,
				045DE8021BCB486B008552FE /* Resources */,
			);
			buildRules = (
			);
			dependencies = (
			);
			name = DispatchTest;
			productName = DispatchTest;
			productReference = 045DE8041BCB486B008552FE /* DispatchTest.app */;
			productType = "com.apple.product-type.application";
		};
		045DE81F1BCB486B008552FE /* DispatchTestTests */ = {
			isa = PBXNativeTarget;
			buildConfigurationList = 045DE8371BCB486B008552FE /* Build configuration list for PBXNativeTarget "DispatchTestTests" */;
			buildPhases = (
				045DE81C1BCB486B008552FE /* Sources */,
				045DE81D1BCB486B008552FE /* Frameworks */,
				045DE81E1BCB486B008552FE /* Resources */,
			);
			buildRules = (
			);
			dependencies = (
				045DE8221BCB486B008552FE /* PBXTargetDependency */,
			);
			name = DispatchTestTests;
			productName = DispatchTestTests;
			productReference = 045DE8201BCB486B008552FE /* DispatchTestTests.xctest */;
			productType = "com.apple.product-type.bundle.unit-test";
		};
		045DE82A1BCB486B008552FE /* DispatchTestUITests */ = {
			isa = PBXNativeTarget;
			buildConfigurationList = 045DE83A1BCB486B008552FE /* Build configuration list for PBXNativeTarget "DispatchTestUITests" */;
			buildPhases = (
				045DE8271BCB486B008552FE /* Sources */,
				045DE8281BCB486B008552FE /* Frameworks */,
				045DE8291BCB486B008552FE /* Resources */,
			);
			buildRules = (
			);
			dependencies = (
				045DE82D1BCB486B008552FE /* PBXTargetDependency */,
			);
			name = DispatchTestUITests;
			productName = DispatchTestUITests;
			productReference = 045DE82B1BCB486B008552FE /* DispatchTestUITests.xctest */;
			productType = "com.apple.product-type.bundle.ui-testing";
		};
/* End PBXNativeTarget section */

/* Begin PBXProject section */
		045DE7FC1BCB486B008552FE /* Project object */ = {
			isa = PBXProject;
			attributes = {
				LastUpgradeCheck = 0700;
				ORGANIZATIONNAME = lei.zhang;
				TargetAttributes = {
					045DE8031BCB486B008552FE = {
						CreatedOnToolsVersion = 7.0.1;
					};
					045DE81F1BCB486B008552FE = {
						CreatedOnToolsVersion = 7.0.1;
						TestTargetID = 045DE8031BCB486B008552FE;
					};
					045DE82A1BCB486B008552FE = {
						CreatedOnToolsVersion = 7.0.1;
						TestTargetID = 045DE8031BCB486B008552FE;
					};
				};
			};
			buildConfigurationList = 045DE7FF1BCB486B008552FE /* Build configuration list for PBXProject "DispatchTest" */;
			compatibilityVersion = "Xcode 3.2";
			developmentRegion = English;
			hasScannedForEncodings = 0;
			knownRegions = (
				en,
				Base,
			);
			mainGroup = 045DE7FB1BCB486B008552FE;
			productRefGroup = 045DE8051BCB486B008552FE /* Products */;
			projectDirPath = "";
			projectRoot = "";
			targets = (
				045DE8031BCB486B008552FE /* DispatchTest */,
				045DE81F1BCB486B008552FE /* DispatchTestTests */,
				045DE82A1BCB486B008552FE /* DispatchTestUITests */,
			);
		};
/* End PBXProject section */

/* Begin PBXResourcesBuildPhase section */
		045DE8021BCB486B008552FE /* Resources */ = {
			isa = PBXResourcesBuildPhase;
			buildActionMask = 2147483647;
			files = (
				045DE81A1BCB486B008552FE /* LaunchScreen.storyboard in Resources */,
				045DE8171BCB486B008552FE /* Assets.xcassets in Resources */,
				045DE8121BCB486B008552FE /* Main.storyboard in Resources */,
			);
			runOnlyForDeploymentPostprocessing = 0;
		};
		045DE81E1BCB486B008552FE /* Resources */ = {
			isa = PBXResourcesBuildPhase;
			buildActionMask = 2147483647;
			files = (
			);
			runOnlyForDeploymentPostprocessing = 0;
		};
		045DE8291BCB486B008552FE /* Resources */ = {
			isa = PBXResourcesBuildPhase;
			buildActionMask = 2147483647;
			files = (
			);
			runOnlyForDeploymentPostprocessing = 0;
		};
/* End PBXResourcesBuildPhase section */

/* Begin PBXSourcesBuildPhase section */
		045DE8001BCB486B008552FE /* Sources */ = {
			isa = PBXSourcesBuildPhase;
			buildActionMask = 2147483647;
			files = (
				045DE80F1BCB486B008552FE /* ViewController.m in Sources */,
				045DE8151BCB486B008552FE /* DispatchTest.xcdatamodeld in Sources */,
				045DE80C1BCB486B008552FE /* AppDelegate.m in Sources */,
				045DE8091BCB486B008552FE /* main.m in Sources */,
			);
			runOnlyForDeploymentPostprocessing = 0;
		};
		045DE81C1BCB486B008552FE /* Sources */ = {
			isa = PBXSourcesBuildPhase;
			buildActionMask = 2147483647;
			files = (
				045DE8251BCB486B008552FE /* DispatchTestTests.m in Sources */,
			);
			runOnlyForDeploymentPostprocessing = 0;
		};
		045DE8271BCB486B008552FE /* Sources */ = {
			isa = PBXSourcesBuildPhase;
			buildActionMask = 2147483647;
			files = (
				045DE8301BCB486B008552FE /* DispatchTestUITests.m in Sources */,
			);
			runOnlyForDeploymentPostprocessing = 0;
		};
/* End PBXSourcesBuildPhase section */

/* Begin PBXTargetDependency section */
		045DE8221BCB486B008552FE /* PBXTargetDependency */ = {
			isa = PBXTargetDependency;
			target = 045DE8031BCB486B008552FE /* DispatchTest */;
			targetProxy = 045DE8211BCB486B008552FE /* PBXContainerItemProxy */;
		};
		045DE82D1BCB486B008552FE /* PBXTargetDependency */ = {
			isa = PBXTargetDependency;
			target = 045DE8031BCB486B008552FE /* DispatchTest */;
			targetProxy = 045DE82C1BCB486B008552FE /* PBXContainerItemProxy */;
		};
/* End PBXTargetDependency section */

/* Begin PBXVariantGroup section */
		045DE8101BCB486B008552FE /* Main.storyboard */ = {
			isa = PBXVariantGroup;
			children = (
				045DE8111BCB486B008552FE /* Base */,
			);
			name = Main.storyboard;
			sourceTree = "<group>";
		};
		045DE8181BCB486B008552FE /* LaunchScreen.storyboard */ = {
			isa = PBXVariantGroup;
			children = (
				045DE8191BCB486B008552FE /* Base */,
			);
			name = LaunchScreen.storyboard;
			sourceTree = "<group>";
		};
/* End PBXVariantGroup section */

/* Begin XCBuildConfiguration section */
		045DE8321BCB486B008552FE /* Debug */ = {
			isa = XCBuildConfiguration;
			buildSettings = {
				ALWAYS_SEARCH_USER_PATHS = NO;
				CLANG_CXX_LANGUAGE_STANDARD = "gnu++0x";
				CLANG_CXX_LIBRARY = "libc++";
				CLANG_ENABLE_MODULES = YES;
				CLANG_ENABLE_OBJC_ARC = YES;
				CLANG_WARN_BOOL_CONVERSION = YES;
				CLANG_WARN_CONSTANT_CONVERSION = YES;
				CLANG_WARN_DIRECT_OBJC_ISA_USAGE = YES_ERROR;
				CLANG_WARN_EMPTY_BODY = YES;
				CLANG_WARN_ENUM_CONVERSION = YES;
				CLANG_WARN_INT_CONVERSION = YES;
				CLANG_WARN_OBJC_ROOT_CLASS = YES_ERROR;
				CLANG_WARN_UNREACHABLE_CODE = YES;
				CLANG_WARN__DUPLICATE_METHOD_MATCH = YES;
				"CODE_SIGN_IDENTITY[sdk=iphoneos*]" = "iPhone Developer";
				COPY_PHASE_STRIP = NO;
				DEBUG_INFORMATION_FORMAT = dwarf;
				ENABLE_STRICT_OBJC_MSGSEND = YES;
				ENABLE_TESTABILITY = YES;
				GCC_C_LANGUAGE_STANDARD = gnu99;
				GCC_DYNAMIC_NO_PIC = NO;
				GCC_NO_COMMON_BLOCKS = YES;
				GCC_OPTIMIZATION_LEVEL = 0;
				GCC_PREPROCESSOR_DEFINITIONS = (
					"DEBUG=1",
					"$(inherited)",
				);
				GCC_WARN_64_TO_32_BIT_CONVERSION = YES;
				GCC_WARN_ABOUT_RETURN_TYPE = YES_ERROR;
				GCC_WARN_UNDECLARED_SELECTOR = YES;
				GCC_WARN_UNINITIALIZED_AUTOS = YES_AGGRESSIVE;
				GCC_WARN_UNUSED_FUNCTION = YES;
				GCC_WARN_UNUSED_VARIABLE = YES;
				IPHONEOS_DEPLOYMENT_TARGET = 9.0;
				MTL_ENABLE_DEBUG_INFO = YES;
				ONLY_ACTIVE_ARCH = YES;
				SDKROOT = iphoneos;
			};
			name = Debug;
		};
		045DE8331BCB486B008552FE /* Release */ = {
			isa = XCBuildConfiguration;
			buildSettings = {
				ALWAYS_SEARCH_USER_PATHS = NO;
				CLANG_CXX_LANGUAGE_STANDARD = "gnu++0x";
				CLANG_CXX_LIBRARY = "libc++";
				CLANG_ENABLE_MODULES = YES;
				CLANG_ENABLE_OBJC_ARC = YES;
				CLANG_WARN_BOOL_CONVERSION = YES;
				CLANG_WARN_CONSTANT_CONVERSION = YES;
				CLANG_WARN_DIRECT_OBJC_ISA_USAGE = YES_ERROR;
				CLANG_WARN_EMPTY_BODY = YES;
				CLANG_WARN_ENUM_CONVERSION = YES;
				CLANG_WARN_INT_CONVERSION = YES;
				CLANG_WARN_OBJC_ROOT_CLASS = YES_ERROR;
				CLANG_WARN_UNREACHABLE_CODE = YES;
				CLANG_WARN__DUPLICATE_METHOD_MATCH = YES;
				"CODE_SIGN_IDENTITY[sdk=iphoneos*]" = "iPhone Developer";
				COPY_PHASE_STRIP = NO;
				DEBUG_INFORMATION_FORMAT = "dwarf-with-dsym";
				ENABLE_NS_ASSERTIONS = NO;
				ENABLE_STRICT_OBJC_MSGSEND = YES;
				GCC_C_LANGUAGE_STANDARD = gnu99;
				GCC_NO_COMMON_BLOCKS = YES;
				GCC_WARN_64_TO_32_BIT_CONVERSION = YES;
				GCC_WARN_ABOUT_RETURN_TYPE = YES_ERROR;
				GCC_WARN_UNDECLARED_SELECTOR = YES;
				GCC_WARN_UNINITIALIZED_AUTOS = YES_AGGRESSIVE;
				GCC_WARN_UNUSED_FUNCTION = YES;
				GCC_WARN_UNUSED_VARIABLE = YES;
				IPHONEOS_DEPLOYMENT_TARGET = 9.0;
				MTL_ENABLE_DEBUG_INFO = NO;
				SDKROOT = iphoneos;
				VALIDATE_PRODUCT = YES;
			};
			name = Release;
		};
		045DE8351BCB486B008552FE /* Debug */ = {
			isa = XCBuildConfiguration;
			buildSettings = {
				ASSETCATALOG_COMPILER_APPICON_NAME = AppIcon;
				INFOPLIST_FILE = DispatchTest/Info.plist;
				LD_RUNPATH_SEARCH_PATHS = "$(inherited) @executable_path/Frameworks";
				PRODUCT_BUNDLE_IDENTIFIER = lei.zhang.DispatchTest;
				PRODUCT_NAME = "$(TARGET_NAME)";
			};
			name = Debug;
		};
		045DE8361BCB486B008552FE /* Release */ = {
			isa = XCBuildConfiguration;
			buildSettings = {
				ASSETCATALOG_COMPILER_APPICON_NAME = AppIcon;
				INFOPLIST_FILE = DispatchTest/Info.plist;
				LD_RUNPATH_SEARCH_PATHS = "$(inherited) @executable_path/Frameworks";
				PRODUCT_BUNDLE_IDENTIFIER = lei.zhang.DispatchTest;
				PRODUCT_NAME = "$(TARGET_NAME)";
			};
			name = Release;
		};
		045DE8381BCB486B008552FE /* Debug */ = {
			isa = XCBuildConfiguration;
			buildSettings = {
				BUNDLE_LOADER = "$(TEST_HOST)";
				INFOPLIST_FILE = DispatchTestTests/Info.plist;
				LD_RUNPATH_SEARCH_PATHS = "$(inherited) @executable_path/Frameworks @loader_path/Frameworks";
				PRODUCT_BUNDLE_IDENTIFIER = lei.zhang.DispatchTestTests;
				PRODUCT_NAME = "$(TARGET_NAME)";
				TEST_HOST = "$(BUILT_PRODUCTS_DIR)/DispatchTest.app/DispatchTest";
			};
			name = Debug;
		};
		045DE8391BCB486B008552FE /* Release */ = {
			isa = XCBuildConfiguration;
			buildSettings = {
				BUNDLE_LOADER = "$(TEST_HOST)";
				INFOPLIST_FILE = DispatchTestTests/Info.plist;
				LD_RUNPATH_SEARCH_PATHS = "$(inherited) @executable_path/Frameworks @loader_path/Frameworks";
				PRODUCT_BUNDLE_IDENTIFIER = lei.zhang.DispatchTestTests;
				PRODUCT_NAME = "$(TARGET_NAME)";
				TEST_HOST = "$(BUILT_PRODUCTS_DIR)/DispatchTest.app/DispatchTest";
			};
			name = Release;
		};
		045DE83B1BCB486B008552FE /* Debug */ = {
			isa = XCBuildConfiguration;
			buildSettings = {
				INFOPLIST_FILE = DispatchTestUITests/Info.plist;
				LD_RUNPATH_SEARCH_PATHS = "$(inherited) @executable_path/Frameworks @loader_path/Frameworks";
				PRODUCT_BUNDLE_IDENTIFIER = lei.zhang.DispatchTestUITests;
				PRODUCT_NAME = "$(TARGET_NAME)";
				TEST_TARGET_NAME = DispatchTest;
				USES_XCTRUNNER = YES;
			};
			name = Debug;
		};
		045DE83C1BCB486B008552FE /* Release */ = {
			isa = XCBuildConfiguration;
			buildSettings = {
				INFOPLIST_FILE = DispatchTestUITests/Info.plist;
				LD_RUNPATH_SEARCH_PATHS = "$(inherited) @executable_path/Frameworks @loader_path/Frameworks";
				PRODUCT_BUNDLE_IDENTIFIER = lei.zhang.DispatchTestUITests;
				PRODUCT_NAME = "$(TARGET_NAME)";
				TEST_TARGET_NAME = DispatchTest;
				USES_XCTRUNNER = YES;
			};
			name = Release;
		};
/* End XCBuildConfiguration section */

/* Begin XCConfigurationList section */
		045DE7FF1BCB486B008552FE /* Build configuration list for PBXProject "DispatchTest" */ = {
			isa = XCConfigurationList;
			buildConfigurations = (
				045DE8321BCB486B008552FE /* Debug */,
				045DE8331BCB486B008552FE /* Release */,
			);
			defaultConfigurationIsVisible = 0;
			defaultConfigurationName = Release;
		};
		045DE8341BCB486B008552FE /* Build configuration list for PBXNativeTarget "DispatchTest" */ = {
			isa = XCConfigurationList;
			buildConfigurations = (
				045DE8351BCB486B008552FE /* Debug */,
				045DE8361BCB486B008552FE /* Release */,
			);
			defaultConfigurationIsVisible = 0;
		};
		045DE8371BCB486B008552FE /* Build configuration list for PBXNativeTarget "DispatchTestTests" */ = {
			isa = XCConfigurationList;
			buildConfigurations = (
				045DE8381BCB486B008552FE /* Debug */,
				045DE8391BCB486B008552FE /* Release */,
			);
			defaultConfigurationIsVisible = 0;
		};
		045DE83A1BCB486B008552FE /* Build configuration list for PBXNativeTarget "DispatchTestUITests" */ = {
			isa = XCConfigurationList;
			buildConfigurations = (
				045DE83B1BCB486B008552FE /* Debug */,
				045DE83C1BCB486B008552FE /* Release */,
			);
			defaultConfigurationIsVisible = 0;
		};
/* End XCConfigurationList section */

/* Begin XCVersionGroup section */
		045DE8131BCB486B008552FE /* DispatchTest.xcdatamodeld */ = {
			isa = XCVersionGroup;
			children = (
				045DE8141BCB486B008552FE /* DispatchTest.xcdatamodel */,
			);
			currentVersion = 045DE8141BCB486B008552FE /* DispatchTest.xcdatamodel */;
			path = DispatchTest.xcdatamodeld;
			sourceTree = "<group>";
			versionGroupType = wrapper.xcdatamodel;
		};
/* End XCVersionGroup section */
	};
	rootObject = 045DE7FC1BCB486B008552FE /* Project object */;
}
